
Microsoft Visual Studio Solution File, Format Version 12.00
# Visual Studio Version 18
VisualStudioVersion = 18.0.11222.15
MinimumVisualStudioVersion = 10.0.40219.1
Project("{FAE04EC0-301F-11D3-BF4B-00C04F79EFBC}") = "LastLink.Payment.Anticipation.Domain", "LastLink.Payment.Anticipation.Domain\LastLink.Payment.Anticipation.Domain.csproj", "{280B1516-7C59-4B62-A578-1502A5619A42}"
EndProject
Project("{FAE04EC0-301F-11D3-BF4B-00C04F79EFBC}") = "LastLink.Payment.Anticipation.Application", "LastLink.Payment.Anticipation.Application\LastLink.Payment.Anticipation.Application.csproj", "{B2BE11AE-3EEA-4BE4-B6FC-B0FB6C9B0F0D}"
EndProject
Project("{FAE04EC0-301F-11D3-BF4B-00C04F79EFBC}") = "LastLink.Payment.Anticipation.Infrastructure", "LastLink.Payment.Anticipation.Infrastructure\LastLink.Payment.Anticipation.Infrastructure.csproj", "{86414E18-0168-45B0-8B49-5BA68BF77802}"
EndProject
Project("{FAE04EC0-301F-11D3-BF4B-00C04F79EFBC}") = "LastLink.Payment.Anticipation.Api", "LastLink.Payment.Anticipation.Api\LastLink.Payment.Anticipation.Api.csproj", "{44C0CF2B-7D76-4622-82E4-72146715C2D5}"
EndProject
Project("{FAE04EC0-301F-11D3-BF4B-00C04F79EFBC}") = "LastLink.Payment.Anticipation.Tests", "..\tests\LastLink.Payment.Anticipation.Api.Tests\LastLink.Payment.Anticipation.Tests.csproj", "{03ACD0EA-49AF-4CC9-A6CD-64A7C37129EC}"
EndProject
Project("{2150E333-8FDC-42A3-9474-1A3956D46DE8}") = "Lastlink.Payment.Anticipation", "Lastlink.Payment.Anticipation", "{BD8F47B9-D1A2-4DDF-810D-D29F1A79DF11}"
EndProject
Project("{2150E333-8FDC-42A3-9474-1A3956D46DE8}") = "tests", "tests", "{074B92EF-0067-46D4-A52A-470009C46C56}"
EndProject
Global
	GlobalSection(SolutionConfigurationPlatforms) = preSolution
		Debug|Any CPU = Debug|Any CPU
		Debug|x64 = Debug|x64
		Debug|x86 = Debug|x86
		Release|Any CPU = Release|Any CPU
		Release|x64 = Release|x64
		Release|x86 = Release|x86
	EndGlobalSection
	GlobalSection(ProjectConfigurationPlatforms) = postSolution
		{280B1516-7C59-4B62-A578-1502A5619A42}.Debug|Any CPU.ActiveCfg = Debug|Any CPU
		{280B1516-7C59-4B62-A578-1502A5619A42}.Debug|Any CPU.Build.0 = Debug|Any CPU
		{280B1516-7C59-4B62-A578-1502A5619A42}.Debug|x64.ActiveCfg = Debug|Any CPU
		{280B1516-7C59-4B62-A578-1502A5619A42}.Debug|x64.Build.0 = Debug|Any CPU
		{280B1516-7C59-4B62-A578-1502A5619A42}.Debug|x86.ActiveCfg = Debug|Any CPU
		{280B1516-7C59-4B62-A578-1502A5619A42}.Debug|x86.Build.0 = Debug|Any CPU
		{280B1516-7C59-4B62-A578-1502A5619A42}.Release|Any CPU.ActiveCfg = Release|Any CPU
		{280B1516-7C59-4B62-A578-1502A5619A42}.Release|Any CPU.Build.0 = Release|Any CPU
		{280B1516-7C59-4B62-A578-1502A5619A42}.Release|x64.ActiveCfg = Release|Any CPU
		{280B1516-7C59-4B62-A578-1502A5619A42}.Release|x64.Build.0 = Release|Any CPU
		{280B1516-7C59-4B62-A578-1502A5619A42}.Release|x86.ActiveCfg = Release|Any CPU
		{280B1516-7C59-4B62-A578-1502A5619A42}.Release|x86.Build.0 = Release|Any CPU
		{B2BE11AE-3EEA-4BE4-B6FC-B0FB6C9B0F0D}.Debug|Any CPU.ActiveCfg = Debug|Any CPU
		{B2BE11AE-3EEA-4BE4-B6FC-B0FB6C9B0F0D}.Debug|Any CPU.Build.0 = Debug|Any CPU
		{B2BE11AE-3EEA-4BE4-B6FC-B0FB6C9B0F0D}.Debug|x64.ActiveCfg = Debug|Any CPU
		{B2BE11AE-3EEA-4BE4-B6FC-B0FB6C9B0F0D}.Debug|x64.Build.0 = Debug|Any CPU
		{B2BE11AE-3EEA-4BE4-B6FC-B0FB6C9B0F0D}.Debug|x86.ActiveCfg = Debug|Any CPU
		{B2BE11AE-3EEA-4BE4-B6FC-B0FB6C9B0F0D}.Debug|x86.Build.0 = Debug|Any CPU
		{B2BE11AE-3EEA-4BE4-B6FC-B0FB6C9B0F0D}.Release|Any CPU.ActiveCfg = Release|Any CPU
		{B2BE11AE-3EEA-4BE4-B6FC-B0FB6C9B0F0D}.Release|Any CPU.Build.0 = Release|Any CPU
		{B2BE11AE-3EEA-4BE4-B6FC-B0FB6C9B0F0D}.Release|x64.ActiveCfg = Release|Any CPU
		{B2BE11AE-3EEA-4BE4-B6FC-B0FB6C9B0F0D}.Release|x64.Build.0 = Release|Any CPU
		{B2BE11AE-3EEA-4BE4-B6FC-B0FB6C9B0F0D}.Release|x86.ActiveCfg = Release|Any CPU
		{B2BE11AE-3EEA-4BE4-B6FC-B0FB6C9B0F0D}.Release|x86.Build.0 = Release|Any CPU
		{86414E18-0168-45B0-8B49-5BA68BF77802}.Debug|Any CPU.ActiveCfg = Debug|Any CPU
		{86414E18-0168-45B0-8B49-5BA68BF77802}.Debug|Any CPU.Build.0 = Debug|Any CPU
		{86414E18-0168-45B0-8B49-5BA68BF77802}.Debug|x64.ActiveCfg = Debug|Any CPU
		{86414E18-0168-45B0-8B49-5BA68BF77802}.Debug|x64.Build.0 = Debug|Any CPU
		{86414E18-0168-45B0-8B49-5BA68BF77802}.Debug|x86.ActiveCfg = Debug|Any CPU
		{86414E18-0168-45B0-8B49-5BA68BF77802}.Debug|x86.Build.0 = Debug|Any CPU
		{86414E18-0168-45B0-8B49-5BA68BF77802}.Release|Any CPU.ActiveCfg = Release|Any CPU
		{86414E18-0168-45B0-8B49-5BA68BF77802}.Release|Any CPU.Build.0 = Release|Any CPU
		{86414E18-0168-45B0-8B49-5BA68BF77802}.Release|x64.ActiveCfg = Release|Any CPU
		{86414E18-0168-45B0-8B49-5BA68BF77802}.Release|x64.Build.0 = Release|Any CPU
		{86414E18-0168-45B0-8B49-5BA68BF77802}.Release|x86.ActiveCfg = Release|Any CPU
		{86414E18-0168-45B0-8B49-5BA68BF77802}.Release|x86.Build.0 = Release|Any CPU
		{44C0CF2B-7D76-4622-82E4-72146715C2D5}.Debug|Any CPU.ActiveCfg = Debug|Any CPU
		{44C0CF2B-7D76-4622-82E4-72146715C2D5}.Debug|Any CPU.Build.0 = Debug|Any CPU
		{44C0CF2B-7D76-4622-82E4-72146715C2D5}.Debug|x64.ActiveCfg = Debug|Any CPU
		{44C0CF2B-7D76-4622-82E4-72146715C2D5}.Debug|x64.Build.0 = Debug|Any CPU
		{44C0CF2B-7D76-4622-82E4-72146715C2D5}.Debug|x86.ActiveCfg = Debug|Any CPU
		{44C0CF2B-7D76-4622-82E4-72146715C2D5}.Debug|x86.Build.0 = Debug|Any CPU
		{44C0CF2B-7D76-4622-82E4-72146715C2D5}.Release|Any CPU.ActiveCfg = Release|Any CPU
		{44C0CF2B-7D76-4622-82E4-72146715C2D5}.Release|Any CPU.Build.0 = Release|Any CPU
		{44C0CF2B-7D76-4622-82E4-72146715C2D5}.Release|x64.ActiveCfg = Release|Any CPU
		{44C0CF2B-7D76-4622-82E4-72146715C2D5}.Release|x64.Build.0 = Release|Any CPU
		{44C0CF2B-7D76-4622-82E4-72146715C2D5}.Release|x86.ActiveCfg = Release|Any CPU
		{44C0CF2B-7D76-4622-82E4-72146715C2D5}.Release|x86.Build.0 = Release|Any CPU
		{03ACD0EA-49AF-4CC9-A6CD-64A7C37129EC}.Debug|Any CPU.ActiveCfg = Debug|Any CPU
		{03ACD0EA-49AF-4CC9-A6CD-64A7C37129EC}.Debug|Any CPU.Build.0 = Debug|Any CPU
		{03ACD0EA-49AF-4CC9-A6CD-64A7C37129EC}.Debug|x64.ActiveCfg = Debug|Any CPU
		{03ACD0EA-49AF-4CC9-A6CD-64A7C37129EC}.Debug|x64.Build.0 = Debug|Any CPU
		{03ACD0EA-49AF-4CC9-A6CD-64A7C37129EC}.Debug|x86.ActiveCfg = Debug|Any CPU
		{03ACD0EA-49AF-4CC9-A6CD-64A7C37129EC}.Debug|x86.Build.0 = Debug|Any CPU
		{03ACD0EA-49AF-4CC9-A6CD-64A7C37129EC}.Release|Any CPU.ActiveCfg = Release|Any CPU
		{03ACD0EA-49AF-4CC9-A6CD-64A7C37129EC}.Release|Any CPU.Build.0 = Release|Any CPU
		{03ACD0EA-49AF-4CC9-A6CD-64A7C37129EC}.Release|x64.ActiveCfg = Release|Any CPU
		{03ACD0EA-49AF-4CC9-A6CD-64A7C37129EC}.Release|x64.Build.0 = Release|Any CPU
		{03ACD0EA-49AF-4CC9-A6CD-64A7C37129EC}.Release|x86.ActiveCfg = Release|Any CPU
		{03ACD0EA-49AF-4CC9-A6CD-64A7C37129EC}.Release|x86.Build.0 = Release|Any CPU
	EndGlobalSection
	GlobalSection(SolutionProperties) = preSolution
		HideSolutionNode = FALSE
	EndGlobalSection
	GlobalSection(NestedProjects) = preSolution
		{280B1516-7C59-4B62-A578-1502A5619A42} = {BD8F47B9-D1A2-4DDF-810D-D29F1A79DF11}
		{B2BE11AE-3EEA-4BE4-B6FC-B0FB6C9B0F0D} = {BD8F47B9-D1A2-4DDF-810D-D29F1A79DF11}
		{86414E18-0168-45B0-8B49-5BA68BF77802} = {BD8F47B9-D1A2-4DDF-810D-D29F1A79DF11}
		{44C0CF2B-7D76-4622-82E4-72146715C2D5} = {BD8F47B9-D1A2-4DDF-810D-D29F1A79DF11}
		{03ACD0EA-49AF-4CC9-A6CD-64A7C37129EC} = {074B92EF-0067-46D4-A52A-470009C46C56}
	EndGlobalSection
	GlobalSection(ExtensibilityGlobals) = postSolution
		SolutionGuid = {1C099CFB-DE5A-4C86-830B-1C9DDF8A8DC4}
	EndGlobalSection
EndGlobal
